
Microsoft Visual Studio Solution File, Format Version 12.00
# Visual Studio Version 17
VisualStudioVersion = 17.5.33627.172
MinimumVisualStudioVersion = 10.0.40219.1
Project("{9A19103F-16F7-4668-BE54-9A1E7A4F7556}") = "Vspt.BackEnd.Api", "Vspt.BackEnd.Api\Vspt.BackEnd.Api.csproj", "{850054CA-0C10-40B6-AB8A-EFBDBE960CCA}"
EndProject
Project("{9A19103F-16F7-4668-BE54-9A1E7A4F7556}") = "Vspt.BackEnd.Application", "Vspt.Backend.Application\Vspt.BackEnd.Application.csproj", "{D83BE08B-51A3-44C3-BEEF-123A2C6B82C3}"
EndProject
Project("{9A19103F-16F7-4668-BE54-9A1E7A4F7556}") = "Vspt.BackEnd.Domain", "Vspt.BackEnd.Domain\Vspt.BackEnd.Domain.csproj", "{750CDDEF-35A5-4DA5-80E3-8F6D76F0980B}"
EndProject
Project("{9A19103F-16F7-4668-BE54-9A1E7A4F7556}") = "Vspt.BackEnd.Infrastructure", "Vspt.BackEnd.Infrastructure\Vspt.BackEnd.Infrastructure.csproj", "{D7AAEC5F-4E5B-42B3-9560-8ABF0F11AD27}"
EndProject
Project("{2150E333-8FDC-42A3-9474-1A3956D46DE8}") = "Services", "Services", "{9109F69B-C768-4F39-BD59-125219F14AF6}"
EndProject
Project("{2150E333-8FDC-42A3-9474-1A3956D46DE8}") = "Shared", "Shared", "{AF9F5C79-96B4-40F3-A893-A0BA63A711F2}"
EndProject
Project("{9A19103F-16F7-4668-BE54-9A1E7A4F7556}") = "Vspt.Box.MediatR", "Vspt.Shared.MediatR\Vspt.Box.MediatR.csproj", "{B0009876-FAEF-47CB-BA7E-C1F6E684A39B}"
EndProject
Project("{9A19103F-16F7-4668-BE54-9A1E7A4F7556}") = "Vspt.Box.EfCore", "Vspt.Shared.EfCore\Vspt.Box.EfCore.csproj", "{D834424C-8385-4972-9241-517717395074}"
EndProject
Project("{9A19103F-16F7-4668-BE54-9A1E7A4F7556}") = "Vspt.Box.Data.EfCore", "Vspt.Box.Data.EfCore\Vspt.Box.Data.EfCore.csproj", "{CE7C0CDE-FC6E-4B73-A846-1F740D9EE91A}"
EndProject
Project("{9A19103F-16F7-4668-BE54-9A1E7A4F7556}") = "Vspt.Box.Data", "Vspt.Box.Data\Vspt.Box.Data.csproj", "{23C59511-943E-4CE5-BA56-1B87A4C0D0FE}"
EndProject
Project("{9A19103F-16F7-4668-BE54-9A1E7A4F7556}") = "Vspt.Box.AbstractTransactions", "Vspt.Box.AbstractTransactions\Vspt.Box.AbstractTransactions.csproj", "{88DBC609-84FE-481F-B80D-F88C1711EFE1}"
EndProject
Project("{2150E333-8FDC-42A3-9474-1A3956D46DE8}") = "flagman", "flagman", "{274D1896-2F72-48F9-A565-F684B2BE4AFD}"
EndProject
Project("{9A19103F-16F7-4668-BE54-9A1E7A4F7556}") = "Vspt.BackEnd.Flagman.Api", "Vspt.BackEnd.Flagman.Api\Vspt.BackEnd.Flagman.Api.csproj", "{BC6CEAD0-939A-4D12-AF44-862A9DDE8D84}"
EndProject
Project("{9A19103F-16F7-4668-BE54-9A1E7A4F7556}") = "Vspt.BackEnd.Flagman.Application", "Vspt.BackEnd.Flagman.Application\Vspt.BackEnd.Flagman.Application.csproj", "{A8702542-83AA-4A6D-8DC0-1E72274A8005}"
EndProject
Project("{9A19103F-16F7-4668-BE54-9A1E7A4F7556}") = "Vspt.BackEnd.Flagman.Domain", "Vspt.BackEnd.Flagman.Domain\Vspt.BackEnd.Flagman.Domain.csproj", "{1C94EF8E-2C78-4F0C-8549-ACC5F828BB4F}"
EndProject
Project("{9A19103F-16F7-4668-BE54-9A1E7A4F7556}") = "Vspt.BackEnd.Flagman.Infrastructure", "Vspt.BackEnd.Flagman.Infrastructure\Vspt.BackEnd.Flagman.Infrastructure.csproj", "{88880CD4-EEB7-489F-A419-4E9683A8EFD3}"
EndProject
Project("{9A19103F-16F7-4668-BE54-9A1E7A4F7556}") = "Vspt.Service.Common", "Vspt.Service.Common\Vspt.Service.Common.csproj", "{712E8115-4319-4EAE-B65A-F9F8A785D8BA}"
EndProject
Project("{9A19103F-16F7-4668-BE54-9A1E7A4F7556}") = "Vspt.Box.EfCore.Npgsql", "Vspt.Box.EfCore.Npgsql\Vspt.Box.EfCore.Npgsql.csproj", "{D11CE0BA-59C3-4D8D-A3D7-8D9382E9E372}"
EndProject
Project("{9A19103F-16F7-4668-BE54-9A1E7A4F7556}") = "Vspt.Common.Api.Contract", "Vspt.Common.Api.Contract\Vspt.Common.Api.Contract.csproj", "{31D02B6F-9FDA-4511-8A17-65AEB4B39121}"
EndProject
Project("{2150E333-8FDC-42A3-9474-1A3956D46DE8}") = "Postgres", "Postgres", "{2C35F0A9-837E-4E5C-8072-24E9FA9D5964}"
EndProject
Project("{9A19103F-16F7-4668-BE54-9A1E7A4F7556}") = "Vspt.BackEnd.Flagman.ApiClient", "Vspt.BackEnd.Flagman.ApiClient\Vspt.BackEnd.Flagman.ApiClient.csproj", "{B775BE03-B5F3-4488-BDE8-4F6115E537B2}"
EndProject
Project("{2150E333-8FDC-42A3-9474-1A3956D46DE8}") = "FrontEnd", "FrontEnd", "{031A58BD-C047-47A5-8B62-37BE67AA4211}"
EndProject
Project("{54A90642-561A-4BB1-A94E-469ADEE60C69}") = "Vspt.Frontend", "Vspt.Frontend\Vspt.Frontend.esproj", "{B4F6CAC8-920B-4D60-B6AA-BF3029AF8155}"
EndProject
Project("{E53339B2-1760-4266-BCC7-CA923CBCF16C}") = "docker-compose", "docker-compose.dcproj", "{310D9D1B-57A2-4E7E-946A-FBD2B467436D}"
EndProject
Global
	GlobalSection(SolutionConfigurationPlatforms) = preSolution
		Debug|Any CPU = Debug|Any CPU
		Release|Any CPU = Release|Any CPU
	EndGlobalSection
	GlobalSection(ProjectConfigurationPlatforms) = postSolution
		{850054CA-0C10-40B6-AB8A-EFBDBE960CCA}.Debug|Any CPU.ActiveCfg = Debug|Any CPU
		{850054CA-0C10-40B6-AB8A-EFBDBE960CCA}.Debug|Any CPU.Build.0 = Debug|Any CPU
		{850054CA-0C10-40B6-AB8A-EFBDBE960CCA}.Release|Any CPU.ActiveCfg = Release|Any CPU
		{850054CA-0C10-40B6-AB8A-EFBDBE960CCA}.Release|Any CPU.Build.0 = Release|Any CPU
		{D83BE08B-51A3-44C3-BEEF-123A2C6B82C3}.Debug|Any CPU.ActiveCfg = Debug|Any CPU
		{D83BE08B-51A3-44C3-BEEF-123A2C6B82C3}.Debug|Any CPU.Build.0 = Debug|Any CPU
		{D83BE08B-51A3-44C3-BEEF-123A2C6B82C3}.Release|Any CPU.ActiveCfg = Release|Any CPU
		{D83BE08B-51A3-44C3-BEEF-123A2C6B82C3}.Release|Any CPU.Build.0 = Release|Any CPU
		{750CDDEF-35A5-4DA5-80E3-8F6D76F0980B}.Debug|Any CPU.ActiveCfg = Debug|Any CPU
		{750CDDEF-35A5-4DA5-80E3-8F6D76F0980B}.Debug|Any CPU.Build.0 = Debug|Any CPU
		{750CDDEF-35A5-4DA5-80E3-8F6D76F0980B}.Release|Any CPU.ActiveCfg = Release|Any CPU
		{750CDDEF-35A5-4DA5-80E3-8F6D76F0980B}.Release|Any CPU.Build.0 = Release|Any CPU
		{D7AAEC5F-4E5B-42B3-9560-8ABF0F11AD27}.Debug|Any CPU.ActiveCfg = Debug|Any CPU
		{D7AAEC5F-4E5B-42B3-9560-8ABF0F11AD27}.Debug|Any CPU.Build.0 = Debug|Any CPU
		{D7AAEC5F-4E5B-42B3-9560-8ABF0F11AD27}.Release|Any CPU.ActiveCfg = Release|Any CPU
		{D7AAEC5F-4E5B-42B3-9560-8ABF0F11AD27}.Release|Any CPU.Build.0 = Release|Any CPU
		{B0009876-FAEF-47CB-BA7E-C1F6E684A39B}.Debug|Any CPU.ActiveCfg = Debug|Any CPU
		{B0009876-FAEF-47CB-BA7E-C1F6E684A39B}.Debug|Any CPU.Build.0 = Debug|Any CPU
		{B0009876-FAEF-47CB-BA7E-C1F6E684A39B}.Release|Any CPU.ActiveCfg = Release|Any CPU
		{B0009876-FAEF-47CB-BA7E-C1F6E684A39B}.Release|Any CPU.Build.0 = Release|Any CPU
		{D834424C-8385-4972-9241-517717395074}.Debug|Any CPU.ActiveCfg = Debug|Any CPU
		{D834424C-8385-4972-9241-517717395074}.Debug|Any CPU.Build.0 = Debug|Any CPU
		{D834424C-8385-4972-9241-517717395074}.Release|Any CPU.ActiveCfg = Release|Any CPU
		{D834424C-8385-4972-9241-517717395074}.Release|Any CPU.Build.0 = Release|Any CPU
		{CE7C0CDE-FC6E-4B73-A846-1F740D9EE91A}.Debug|Any CPU.ActiveCfg = Debug|Any CPU
		{CE7C0CDE-FC6E-4B73-A846-1F740D9EE91A}.Debug|Any CPU.Build.0 = Debug|Any CPU
		{CE7C0CDE-FC6E-4B73-A846-1F740D9EE91A}.Release|Any CPU.ActiveCfg = Release|Any CPU
		{CE7C0CDE-FC6E-4B73-A846-1F740D9EE91A}.Release|Any CPU.Build.0 = Release|Any CPU
		{23C59511-943E-4CE5-BA56-1B87A4C0D0FE}.Debug|Any CPU.ActiveCfg = Debug|Any CPU
		{23C59511-943E-4CE5-BA56-1B87A4C0D0FE}.Debug|Any CPU.Build.0 = Debug|Any CPU
		{23C59511-943E-4CE5-BA56-1B87A4C0D0FE}.Release|Any CPU.ActiveCfg = Release|Any CPU
		{23C59511-943E-4CE5-BA56-1B87A4C0D0FE}.Release|Any CPU.Build.0 = Release|Any CPU
		{88DBC609-84FE-481F-B80D-F88C1711EFE1}.Debug|Any CPU.ActiveCfg = Debug|Any CPU
		{88DBC609-84FE-481F-B80D-F88C1711EFE1}.Debug|Any CPU.Build.0 = Debug|Any CPU
		{88DBC609-84FE-481F-B80D-F88C1711EFE1}.Release|Any CPU.ActiveCfg = Release|Any CPU
		{88DBC609-84FE-481F-B80D-F88C1711EFE1}.Release|Any CPU.Build.0 = Release|Any CPU
		{BC6CEAD0-939A-4D12-AF44-862A9DDE8D84}.Debug|Any CPU.ActiveCfg = Debug|Any CPU
		{BC6CEAD0-939A-4D12-AF44-862A9DDE8D84}.Debug|Any CPU.Build.0 = Debug|Any CPU
		{BC6CEAD0-939A-4D12-AF44-862A9DDE8D84}.Release|Any CPU.ActiveCfg = Release|Any CPU
		{BC6CEAD0-939A-4D12-AF44-862A9DDE8D84}.Release|Any CPU.Build.0 = Release|Any CPU
		{A8702542-83AA-4A6D-8DC0-1E72274A8005}.Debug|Any CPU.ActiveCfg = Debug|Any CPU
		{A8702542-83AA-4A6D-8DC0-1E72274A8005}.Debug|Any CPU.Build.0 = Debug|Any CPU
		{A8702542-83AA-4A6D-8DC0-1E72274A8005}.Release|Any CPU.ActiveCfg = Release|Any CPU
		{A8702542-83AA-4A6D-8DC0-1E72274A8005}.Release|Any CPU.Build.0 = Release|Any CPU
		{1C94EF8E-2C78-4F0C-8549-ACC5F828BB4F}.Debug|Any CPU.ActiveCfg = Debug|Any CPU
		{1C94EF8E-2C78-4F0C-8549-ACC5F828BB4F}.Debug|Any CPU.Build.0 = Debug|Any CPU
		{1C94EF8E-2C78-4F0C-8549-ACC5F828BB4F}.Release|Any CPU.ActiveCfg = Release|Any CPU
		{1C94EF8E-2C78-4F0C-8549-ACC5F828BB4F}.Release|Any CPU.Build.0 = Release|Any CPU
		{88880CD4-EEB7-489F-A419-4E9683A8EFD3}.Debug|Any CPU.ActiveCfg = Debug|Any CPU
		{88880CD4-EEB7-489F-A419-4E9683A8EFD3}.Debug|Any CPU.Build.0 = Debug|Any CPU
		{88880CD4-EEB7-489F-A419-4E9683A8EFD3}.Release|Any CPU.ActiveCfg = Release|Any CPU
		{88880CD4-EEB7-489F-A419-4E9683A8EFD3}.Release|Any CPU.Build.0 = Release|Any CPU
		{712E8115-4319-4EAE-B65A-F9F8A785D8BA}.Debug|Any CPU.ActiveCfg = Debug|Any CPU
		{712E8115-4319-4EAE-B65A-F9F8A785D8BA}.Debug|Any CPU.Build.0 = Debug|Any CPU
		{712E8115-4319-4EAE-B65A-F9F8A785D8BA}.Release|Any CPU.ActiveCfg = Release|Any CPU
		{712E8115-4319-4EAE-B65A-F9F8A785D8BA}.Release|Any CPU.Build.0 = Release|Any CPU
		{D11CE0BA-59C3-4D8D-A3D7-8D9382E9E372}.Debug|Any CPU.ActiveCfg = Debug|Any CPU
		{D11CE0BA-59C3-4D8D-A3D7-8D9382E9E372}.Debug|Any CPU.Build.0 = Debug|Any CPU
		{D11CE0BA-59C3-4D8D-A3D7-8D9382E9E372}.Release|Any CPU.ActiveCfg = Release|Any CPU
		{D11CE0BA-59C3-4D8D-A3D7-8D9382E9E372}.Release|Any CPU.Build.0 = Release|Any CPU
		{31D02B6F-9FDA-4511-8A17-65AEB4B39121}.Debug|Any CPU.ActiveCfg = Debug|Any CPU
		{31D02B6F-9FDA-4511-8A17-65AEB4B39121}.Debug|Any CPU.Build.0 = Debug|Any CPU
		{31D02B6F-9FDA-4511-8A17-65AEB4B39121}.Release|Any CPU.ActiveCfg = Release|Any CPU
		{31D02B6F-9FDA-4511-8A17-65AEB4B39121}.Release|Any CPU.Build.0 = Release|Any CPU
		{B775BE03-B5F3-4488-BDE8-4F6115E537B2}.Debug|Any CPU.ActiveCfg = Debug|Any CPU
		{B775BE03-B5F3-4488-BDE8-4F6115E537B2}.Debug|Any CPU.Build.0 = Debug|Any CPU
		{B775BE03-B5F3-4488-BDE8-4F6115E537B2}.Release|Any CPU.ActiveCfg = Release|Any CPU
		{B775BE03-B5F3-4488-BDE8-4F6115E537B2}.Release|Any CPU.Build.0 = Release|Any CPU
		{B4F6CAC8-920B-4D60-B6AA-BF3029AF8155}.Debug|Any CPU.ActiveCfg = Debug|Any CPU
		{B4F6CAC8-920B-4D60-B6AA-BF3029AF8155}.Debug|Any CPU.Build.0 = Debug|Any CPU
		{B4F6CAC8-920B-4D60-B6AA-BF3029AF8155}.Debug|Any CPU.Deploy.0 = Debug|Any CPU
		{B4F6CAC8-920B-4D60-B6AA-BF3029AF8155}.Release|Any CPU.ActiveCfg = Release|Any CPU
		{B4F6CAC8-920B-4D60-B6AA-BF3029AF8155}.Release|Any CPU.Build.0 = Release|Any CPU
		{B4F6CAC8-920B-4D60-B6AA-BF3029AF8155}.Release|Any CPU.Deploy.0 = Release|Any CPU
		{310D9D1B-57A2-4E7E-946A-FBD2B467436D}.Debug|Any CPU.ActiveCfg = Debug|Any CPU
		{310D9D1B-57A2-4E7E-946A-FBD2B467436D}.Debug|Any CPU.Build.0 = Debug|Any CPU
		{310D9D1B-57A2-4E7E-946A-FBD2B467436D}.Release|Any CPU.ActiveCfg = Release|Any CPU
		{310D9D1B-57A2-4E7E-946A-FBD2B467436D}.Release|Any CPU.Build.0 = Release|Any CPU
	EndGlobalSection
	GlobalSection(SolutionProperties) = preSolution
		HideSolutionNode = FALSE
	EndGlobalSection
	GlobalSection(NestedProjects) = preSolution
		{850054CA-0C10-40B6-AB8A-EFBDBE960CCA} = {2C35F0A9-837E-4E5C-8072-24E9FA9D5964}
		{D83BE08B-51A3-44C3-BEEF-123A2C6B82C3} = {2C35F0A9-837E-4E5C-8072-24E9FA9D5964}
		{750CDDEF-35A5-4DA5-80E3-8F6D76F0980B} = {2C35F0A9-837E-4E5C-8072-24E9FA9D5964}
		{D7AAEC5F-4E5B-42B3-9560-8ABF0F11AD27} = {2C35F0A9-837E-4E5C-8072-24E9FA9D5964}
		{B0009876-FAEF-47CB-BA7E-C1F6E684A39B} = {AF9F5C79-96B4-40F3-A893-A0BA63A711F2}
		{D834424C-8385-4972-9241-517717395074} = {AF9F5C79-96B4-40F3-A893-A0BA63A711F2}
		{CE7C0CDE-FC6E-4B73-A846-1F740D9EE91A} = {AF9F5C79-96B4-40F3-A893-A0BA63A711F2}
		{23C59511-943E-4CE5-BA56-1B87A4C0D0FE} = {AF9F5C79-96B4-40F3-A893-A0BA63A711F2}
		{88DBC609-84FE-481F-B80D-F88C1711EFE1} = {AF9F5C79-96B4-40F3-A893-A0BA63A711F2}
		{274D1896-2F72-48F9-A565-F684B2BE4AFD} = {9109F69B-C768-4F39-BD59-125219F14AF6}
		{BC6CEAD0-939A-4D12-AF44-862A9DDE8D84} = {274D1896-2F72-48F9-A565-F684B2BE4AFD}
		{A8702542-83AA-4A6D-8DC0-1E72274A8005} = {274D1896-2F72-48F9-A565-F684B2BE4AFD}
		{1C94EF8E-2C78-4F0C-8549-ACC5F828BB4F} = {274D1896-2F72-48F9-A565-F684B2BE4AFD}
		{88880CD4-EEB7-489F-A419-4E9683A8EFD3} = {274D1896-2F72-48F9-A565-F684B2BE4AFD}
		{712E8115-4319-4EAE-B65A-F9F8A785D8BA} = {2C35F0A9-837E-4E5C-8072-24E9FA9D5964}
		{D11CE0BA-59C3-4D8D-A3D7-8D9382E9E372} = {AF9F5C79-96B4-40F3-A893-A0BA63A711F2}
		{31D02B6F-9FDA-4511-8A17-65AEB4B39121} = {AF9F5C79-96B4-40F3-A893-A0BA63A711F2}
		{2C35F0A9-837E-4E5C-8072-24E9FA9D5964} = {9109F69B-C768-4F39-BD59-125219F14AF6}
		{B775BE03-B5F3-4488-BDE8-4F6115E537B2} = {274D1896-2F72-48F9-A565-F684B2BE4AFD}
		{B4F6CAC8-920B-4D60-B6AA-BF3029AF8155} = {031A58BD-C047-47A5-8B62-37BE67AA4211}
	EndGlobalSection
	GlobalSection(ExtensibilityGlobals) = postSolution
		SolutionGuid = {9A712C61-5550-46FE-93D1-DBAE0B043039}
	EndGlobalSection
EndGlobal
